<?xml version="1.0" encoding="utf-8"?>
<Project ToolsVersion="4.0" xmlns="http://schemas.microsoft.com/developer/msbuild/2003">
  <ItemGroup>
    <Filter Include="Source Files">
      <UniqueIdentifier>{2bfe0338-1b0d-4246-888f-5388672f83a7}</UniqueIdentifier>
      <Extensions>cpp;c;cxx;rc;def;r;odl;idl;hpj;bat</Extensions>
    </Filter>
    <Filter Include="Header Files">
      <UniqueIdentifier>{d31d239d-53a9-455b-8804-d800af1872a6}</UniqueIdentifier>
      <Extensions>h;hpp;hxx;hm;inl</Extensions>
    </Filter>
  </ItemGroup>
  <ItemGroup>
    <ClCompile Include="AANIM.CPP">
      <Filter>Source Files</Filter>
    </ClCompile>
    <ClCompile Include="ABUTTON.CPP">
      <Filter>Source Files</Filter>
    </ClCompile>
    <ClCompile Include="aEdit.cpp">
      <Filter>Source Files</Filter>
    </ClCompile>
    <ClCompile Include="AFONT.CPP">
      <Filter>Source Files</Filter>
    </ClCompile>
    <ClCompile Include="ALISTBOX.CPP">
      <Filter>Source Files</Filter>
    </ClCompile>
    <ClCompile Include="ASCROLL.CPP">
      <Filter>Source Files</Filter>
    </ClCompile>
    <ClCompile Include="ASYSTEM.CPP">
      <Filter>Source Files</Filter>
    </ClCompile>
    <ClCompile Include="LogisticsScreen.cpp">
      <Filter>Source Files</Filter>
    </ClCompile>
  </ItemGroup>
  <ItemGroup>
    <ClInclude Include="AANIM.H">
      <Filter>Header Files</Filter>
    </ClInclude>
    <ClInclude Include="ABUTTON.H">
      <Filter>Header Files</Filter>
    </ClInclude>
    <ClInclude Include="AFONT.H">
      <Filter>Header Files</Filter>
    </ClInclude>
    <ClInclude Include="ALISTBOX.H">
      <Filter>Header Files</Filter>
    </ClInclude>
    <ClInclude Include="ASCROLL.H">
      <Filter>Header Files</Filter>
    </ClInclude>
    <ClInclude Include="ASYSTEM.H">
      <Filter>Header Files</Filter>
    </ClInclude>
    <ClInclude Include="LogisticsScreen.h">
      <Filter>Header Files</Filter>
    </ClInclude>
  </ItemGroup>
</Project>