<?xml version="1.0" encoding="utf-8"?>
<Project ToolsVersion="4.0" xmlns="http://schemas.microsoft.com/developer/msbuild/2003">
  <ItemGroup>
    <Filter Include="Source Files">
      <UniqueIdentifier>{418cdf50-6b2f-4e34-a9a1-057e86cbb9c8}</UniqueIdentifier>
      <Extensions>cpp;c;cxx;rc;def;r;odl;idl;hpj;bat</Extensions>
    </Filter>
    <Filter Include="Header Files">
      <UniqueIdentifier>{479a6c6d-0bc2-4f1e-8b0a-cbcf0f63a1ee}</UniqueIdentifier>
      <Extensions>h;hpp;hxx;hm;inl</Extensions>
    </Filter>
    <Filter Include="Resource Files">
      <UniqueIdentifier>{9d2e5653-ce13-43b3-90cc-d257825f0b2c}</UniqueIdentifier>
      <Extensions>ico;cur;bmp;dlg;rc2;rct;bin;rgs;gif;jpg;jpeg;jpe</Extensions>
    </Filter>
  </ItemGroup>
  <ItemGroup>
    <ClCompile Include="..\GUI\aAnimObject.cpp">
      <Filter>Source Files</Filter>
    </ClCompile>
    <ClCompile Include="..\Code\gamesound.cpp">
      <Filter>Source Files</Filter>
    </ClCompile>
    <ClCompile Include="..\Code\LogisticsComponent.cpp">
      <Filter>Source Files</Filter>
    </ClCompile>
    <ClCompile Include="..\Code\LogisticsData.cpp">
      <Filter>Source Files</Filter>
    </ClCompile>
    <ClCompile Include="..\Code\LogisticsMech.cpp">
      <Filter>Source Files</Filter>
    </ClCompile>
    <ClCompile Include="..\Code\LogisticsMissionInfo.cpp">
      <Filter>Source Files</Filter>
    </ClCompile>
    <ClCompile Include="..\Code\LogisticsPilot.cpp">
      <Filter>Source Files</Filter>
    </ClCompile>
    <ClCompile Include="..\Code\LogisticsVariant.cpp">
      <Filter>Source Files</Filter>
    </ClCompile>
    <ClCompile Include="..\Code\Mechlopedia.cpp">
      <Filter>Source Files</Filter>
    </ClCompile>
    <ClCompile Include="..\Code\mission2.cpp">
      <Filter>Source Files</Filter>
    </ClCompile>
    <ClCompile Include="..\Code\prefs.cpp">
      <Filter>Source Files</Filter>
    </ClCompile>
    <ClCompile Include="..\Code\radio.cpp">
      <Filter>Source Files</Filter>
    </ClCompile>
    <ClCompile Include="..\Code\simpleCamera.cpp">
      <Filter>Source Files</Filter>
    </ClCompile>
    <ClCompile Include="..\Code\SimpleComponentListBox.cpp">
      <Filter>Source Files</Filter>
    </ClCompile>
    <ClCompile Include="View.cpp">
      <Filter>Source Files</Filter>
    </ClCompile>
  </ItemGroup>
  <ItemGroup>
    <ClInclude Include="..\Code\version.h">
      <Filter>Header Files</Filter>
    </ClInclude>
    <ClInclude Include="resource.h">
      <Filter>Resource Files</Filter>
    </ClInclude>
  </ItemGroup>
  <ItemGroup>
    <Library Include="..\AMSTRMID.LIB">
      <Filter>Resource Files</Filter>
    </Library>
  </ItemGroup>
  <ItemGroup>
    <None Include="Mechlopedia.ico">
      <Filter>Resource Files</Filter>
    </None>
  </ItemGroup>
  <ItemGroup>
    <ResourceCompile Include="Script1.rc">
      <Filter>Resource Files</Filter>
    </ResourceCompile>
  </ItemGroup>
</Project>