<?xml version="1.0" encoding="utf-8"?>
<Project ToolsVersion="4.0" xmlns="http://schemas.microsoft.com/developer/msbuild/2003">
  <ItemGroup>
    <Filter Include="Source Files">
      <UniqueIdentifier>{0517fe74-2476-4506-9e90-965ce2753e0e}</UniqueIdentifier>
      <Extensions>cpp;c;cxx;rc;def;r;odl;idl;hpj;bat</Extensions>
    </Filter>
    <Filter Include="Header Files">
      <UniqueIdentifier>{57d0646a-f318-4478-b218-7d48fd640872}</UniqueIdentifier>
      <Extensions>h;hpp;hxx;hm;inl</Extensions>
    </Filter>
    <Filter Include="Resource Files">
      <UniqueIdentifier>{83918806-7b1b-4a62-aa73-a4ab4147fc4f}</UniqueIdentifier>
      <Extensions>ico;cur;bmp;dlg;rc2;rct;bin;rgs;gif;jpg;jpeg;jpe</Extensions>
    </Filter>
  </ItemGroup>
  <ItemGroup>
    <ClCompile Include="Action.cpp">
      <Filter>Source Files</Filter>
    </ClCompile>
    <ClCompile Include="BooleanFlagIsSetDialog.cpp">
      <Filter>Source Files</Filter>
    </ClCompile>
    <ClCompile Include="BuildingBrush.cpp">
      <Filter>Source Files</Filter>
    </ClCompile>
    <ClCompile Include="BuildingLink.cpp">
      <Filter>Source Files</Filter>
    </ClCompile>
    <ClCompile Include="BuildingSettingsDlg.cpp">
      <Filter>Source Files</Filter>
    </ClCompile>
    <ClCompile Include="CampaignData.cpp">
      <Filter>Source Files</Filter>
    </ClCompile>
    <ClCompile Include="CampaignDialog.cpp">
      <Filter>Source Files</Filter>
    </ClCompile>
    <ClCompile Include="ChooseBuildingDlg.cpp">
      <Filter>Source Files</Filter>
    </ClCompile>
    <ClCompile Include="ChooseUnitDlg.cpp">
      <Filter>Source Files</Filter>
    </ClCompile>
    <ClCompile Include="DamageBrush.cpp">
      <Filter>Source Files</Filter>
    </ClCompile>
    <ClCompile Include="DlgFileOpen.cpp">
      <Filter>Source Files</Filter>
    </ClCompile>
    <ClCompile Include="DragTool.cpp">
      <Filter>Source Files</Filter>
    </ClCompile>
    <ClCompile Include="dropZoneBrush.cpp">
      <Filter>Source Files</Filter>
    </ClCompile>
    <ClCompile Include="..\Code\dw.cpp">
      <Filter>Source Files</Filter>
    </ClCompile>
    <ClCompile Include="EditForestDlg.cpp">
      <Filter>Source Files</Filter>
    </ClCompile>
    <ClCompile Include="Editor.cpp">
      <Filter>Source Files</Filter>
    </ClCompile>
    <ClCompile Include="EditorData.cpp">
      <Filter>Source Files</Filter>
    </ClCompile>
    <ClCompile Include="EditorInterface.cpp">
      <Filter>Source Files</Filter>
    </ClCompile>
    <ClCompile Include="EditorMFC.cpp">
      <Filter>Source Files</Filter>
    </ClCompile>
    <ClCompile Include="EditorObjectMgr.cpp">
      <Filter>Source Files</Filter>
    </ClCompile>
    <ClCompile Include="EditorObjects.cpp">
      <Filter>Source Files</Filter>
    </ClCompile>
    <ClCompile Include="EditorTacMap.cpp">
      <Filter>Source Files</Filter>
    </ClCompile>
    <ClCompile Include="EditorView.cpp">
      <Filter>Source Files</Filter>
    </ClCompile>
    <ClCompile Include="eraser.cpp">
      <Filter>Source Files</Filter>
    </ClCompile>
    <ClCompile Include="FlattenBrush.cpp">
      <Filter>Source Files</Filter>
    </ClCompile>
    <ClCompile Include="FogDlg.cpp">
      <Filter>Source Files</Filter>
    </ClCompile>
    <ClCompile Include="forest.cpp">
      <Filter>Source Files</Filter>
    </ClCompile>
    <ClCompile Include="ForestDlg.cpp">
      <Filter>Source Files</Filter>
    </ClCompile>
    <ClCompile Include="fractaldialog.cpp">
      <Filter>Source Files</Filter>
    </ClCompile>
    <ClCompile Include="GroupDialog.cpp">
      <Filter>Source Files</Filter>
    </ClCompile>
    <ClCompile Include="HeightDlg.cpp">
      <Filter>Source Files</Filter>
    </ClCompile>
    <ClCompile Include="LinkBrush.cpp">
      <Filter>Source Files</Filter>
    </ClCompile>
    <ClCompile Include="MainFrm.cpp">
      <Filter>Source Files</Filter>
    </ClCompile>
    <ClCompile Include="mapsizedlg.cpp">
      <Filter>Source Files</Filter>
    </ClCompile>
    <ClCompile Include="MineBrush.cpp">
      <Filter>Source Files</Filter>
    </ClCompile>
    <ClCompile Include="MissionDialog.cpp">
      <Filter>Source Files</Filter>
    </ClCompile>
    <ClCompile Include="MissionSettingsDlg.cpp">
      <Filter>Source Files</Filter>
    </ClCompile>
    <ClCompile Include="newsinglemission.cpp">
      <Filter>Source Files</Filter>
    </ClCompile>
    <ClCompile Include="Objective.cpp">
      <Filter>Source Files</Filter>
    </ClCompile>
    <ClCompile Include="ObjectiveDlg.cpp">
      <Filter>Source Files</Filter>
    </ClCompile>
    <ClCompile Include="ObjectivesDlg.cpp">
      <Filter>Source Files</Filter>
    </ClCompile>
    <ClCompile Include="OverlayBrush.cpp">
      <Filter>Source Files</Filter>
    </ClCompile>
    <ClCompile Include="PlayerSettingsDlg.cpp">
      <Filter>Source Files</Filter>
    </ClCompile>
    <ClCompile Include="PointerSelectObjectDlg.cpp">
      <Filter>Source Files</Filter>
    </ClCompile>
    <ClCompile Include="ResourceStringSelectionDlg.cpp">
      <Filter>Source Files</Filter>
    </ClCompile>
    <ClCompile Include="SelectionBrush.cpp">
      <Filter>Source Files</Filter>
    </ClCompile>
    <ClCompile Include="SelectSlopeDialog.cpp">
      <Filter>Source Files</Filter>
    </ClCompile>
    <ClCompile Include="SelectTerrainTypeDlg.cpp">
      <Filter>Source Files</Filter>
    </ClCompile>
    <ClCompile Include="SingleValueDlg.cpp">
      <Filter>Source Files</Filter>
    </ClCompile>
    <ClCompile Include="StdAfx.cpp">
      <Filter>Source Files</Filter>
    </ClCompile>
    <ClCompile Include="sunDlg.cpp">
      <Filter>Source Files</Filter>
    </ClCompile>
    <ClCompile Include="tacMapTGA.cpp">
      <Filter>Source Files</Filter>
    </ClCompile>
    <ClCompile Include="TargetAreaDlg.cpp">
      <Filter>Source Files</Filter>
    </ClCompile>
    <ClCompile Include="terrainBrush.cpp">
      <Filter>Source Files</Filter>
    </ClCompile>
    <ClCompile Include="TerrainDlg.cpp">
      <Filter>Source Files</Filter>
    </ClCompile>
    <ClCompile Include="TextMessageDlg.cpp">
      <Filter>Source Files</Filter>
    </ClCompile>
    <ClCompile Include="tgawnd.cpp">
      <Filter>Source Files</Filter>
    </ClCompile>
    <ClCompile Include="TilingFactorsDialog.cpp">
      <Filter>Source Files</Filter>
    </ClCompile>
    <ClCompile Include="UnitSettingsDlg.cpp">
      <Filter>Source Files</Filter>
    </ClCompile>
    <ClCompile Include="UserTextEdit.cpp">
      <Filter>Source Files</Filter>
    </ClCompile>
    <ClCompile Include="ViewConditionOrActionDlg.cpp">
      <Filter>Source Files</Filter>
    </ClCompile>
    <ClCompile Include="WaterDlg.cpp">
      <Filter>Source Files</Filter>
    </ClCompile>
    <ClCompile Include="..\editores\Editores.cpp">
      <Filter>Source Files</Filter>
    </ClCompile>
  </ItemGroup>
  <ItemGroup>
    <ClInclude Include="Action.h">
      <Filter>Header Files</Filter>
    </ClInclude>
    <ClInclude Include="BooleanFlagIsSetDialog.h">
      <Filter>Header Files</Filter>
    </ClInclude>
    <ClInclude Include="Brush.h">
      <Filter>Header Files</Filter>
    </ClInclude>
    <ClInclude Include="BuildingBrush.h">
      <Filter>Header Files</Filter>
    </ClInclude>
    <ClInclude Include="BuildingLink.h">
      <Filter>Header Files</Filter>
    </ClInclude>
    <ClInclude Include="BuildingSettingsDlg.h">
      <Filter>Header Files</Filter>
    </ClInclude>
    <ClInclude Include="campaignData.h">
      <Filter>Header Files</Filter>
    </ClInclude>
    <ClInclude Include="CampaignDialog.h">
      <Filter>Header Files</Filter>
    </ClInclude>
    <ClInclude Include="ChooseBuildingDlg.h">
      <Filter>Header Files</Filter>
    </ClInclude>
    <ClInclude Include="ChooseUnitDlg.h">
      <Filter>Header Files</Filter>
    </ClInclude>
    <ClInclude Include="DamageBrush.h">
      <Filter>Header Files</Filter>
    </ClInclude>
    <ClInclude Include="DlgFileOpen.h">
      <Filter>Header Files</Filter>
    </ClInclude>
    <ClInclude Include="DragTool.h">
      <Filter>Header Files</Filter>
    </ClInclude>
    <ClInclude Include="DropZoneBrush.h">
      <Filter>Header Files</Filter>
    </ClInclude>
    <ClInclude Include="EditForestDlg.h">
      <Filter>Header Files</Filter>
    </ClInclude>
    <ClInclude Include="EditorCamera.h">
      <Filter>Header Files</Filter>
    </ClInclude>
    <ClInclude Include="EditorData.h">
      <Filter>Header Files</Filter>
    </ClInclude>
    <ClInclude Include="EditorInterface.h">
      <Filter>Header Files</Filter>
    </ClInclude>
    <ClInclude Include="EditorMessages.h">
      <Filter>Header Files</Filter>
    </ClInclude>
    <ClInclude Include="EditorMFC.h">
      <Filter>Header Files</Filter>
    </ClInclude>
    <ClInclude Include="EditorObjectMgr.h">
      <Filter>Header Files</Filter>
    </ClInclude>
    <ClInclude Include="EditorObjects.h">
      <Filter>Header Files</Filter>
    </ClInclude>
    <ClInclude Include="EditorTacMap.h">
      <Filter>Header Files</Filter>
    </ClInclude>
    <ClInclude Include="EditorView.h">
      <Filter>Header Files</Filter>
    </ClInclude>
    <ClInclude Include="Eraser.h">
      <Filter>Header Files</Filter>
    </ClInclude>
    <ClInclude Include="FlattenBrush.h">
      <Filter>Header Files</Filter>
    </ClInclude>
    <ClInclude Include="FogDlg.h">
      <Filter>Header Files</Filter>
    </ClInclude>
    <ClInclude Include="Forest.h">
      <Filter>Header Files</Filter>
    </ClInclude>
    <ClInclude Include="ForestDlg.h">
      <Filter>Header Files</Filter>
    </ClInclude>
    <ClInclude Include="fractaldialog.h">
      <Filter>Header Files</Filter>
    </ClInclude>
    <ClInclude Include="GroupDialog.h">
      <Filter>Header Files</Filter>
    </ClInclude>
    <ClInclude Include="HeightDlg.h">
      <Filter>Header Files</Filter>
    </ClInclude>
    <ClInclude Include="LinkBrush.h">
      <Filter>Header Files</Filter>
    </ClInclude>
    <ClInclude Include="MainFrm.h">
      <Filter>Header Files</Filter>
    </ClInclude>
    <ClInclude Include="mapsizedlg.h">
      <Filter>Header Files</Filter>
    </ClInclude>
    <ClInclude Include="MessageBox.h">
      <Filter>Header Files</Filter>
    </ClInclude>
    <ClInclude Include="MineBrush.h">
      <Filter>Header Files</Filter>
    </ClInclude>
    <ClInclude Include="MissionDialog.h">
      <Filter>Header Files</Filter>
    </ClInclude>
    <ClInclude Include="MissionSettingsDlg.h">
      <Filter>Header Files</Filter>
    </ClInclude>
    <ClInclude Include="newsinglemission.h">
      <Filter>Header Files</Filter>
    </ClInclude>
    <ClInclude Include="Objective.h">
      <Filter>Header Files</Filter>
    </ClInclude>
    <ClInclude Include="ObjectiveDlg.h">
      <Filter>Header Files</Filter>
    </ClInclude>
    <ClInclude Include="ObjectivesDlg.h">
      <Filter>Header Files</Filter>
    </ClInclude>
    <ClInclude Include="OverlayBrush.h">
      <Filter>Header Files</Filter>
    </ClInclude>
    <ClInclude Include="PlayerSettingsDlg.h">
      <Filter>Header Files</Filter>
    </ClInclude>
    <ClInclude Include="PointerSelectObjectDlg.h">
      <Filter>Header Files</Filter>
    </ClInclude>
    <ClInclude Include="resource.h">
      <Filter>Header Files</Filter>
    </ClInclude>
    <ClInclude Include="ResourceStringSelectionDlg.h">
      <Filter>Header Files</Filter>
    </ClInclude>
    <ClInclude Include="SelectionBrush.h">
      <Filter>Header Files</Filter>
    </ClInclude>
    <ClInclude Include="SelectSlopeDialog.h">
      <Filter>Header Files</Filter>
    </ClInclude>
    <ClInclude Include="SelectTerrainTypeDlg.h">
      <Filter>Header Files</Filter>
    </ClInclude>
    <ClInclude Include="SingleValueDlg.h">
      <Filter>Header Files</Filter>
    </ClInclude>
    <ClInclude Include="StdAfx.h">
      <Filter>Header Files</Filter>
    </ClInclude>
    <ClInclude Include="SunDlg.h">
      <Filter>Header Files</Filter>
    </ClInclude>
    <ClInclude Include="TACMapTGA.h">
      <Filter>Header Files</Filter>
    </ClInclude>
    <ClInclude Include="TargetAreaDlg.h">
      <Filter>Header Files</Filter>
    </ClInclude>
    <ClInclude Include="TerrainBrush.h">
      <Filter>Header Files</Filter>
    </ClInclude>
    <ClInclude Include="TerrainDlg.h">
      <Filter>Header Files</Filter>
    </ClInclude>
    <ClInclude Include="TextMessageDlg.h">
      <Filter>Header Files</Filter>
    </ClInclude>
    <ClInclude Include="TGaWnd.h">
      <Filter>Header Files</Filter>
    </ClInclude>
    <ClInclude Include="TilingFactorsDialog.h">
      <Filter>Header Files</Filter>
    </ClInclude>
    <ClInclude Include="UnitSettingsDlg.h">
      <Filter>Header Files</Filter>
    </ClInclude>
    <ClInclude Include="UserTextEdit.h">
      <Filter>Header Files</Filter>
    </ClInclude>
    <ClInclude Include="version.h">
      <Filter>Header Files</Filter>
    </ClInclude>
    <ClInclude Include="ViewConditionOrActionDlg.h">
      <Filter>Header Files</Filter>
    </ClInclude>
    <ClInclude Include="WaterDlg.h">
      <Filter>Header Files</Filter>
    </ClInclude>
  </ItemGroup>
  <ItemGroup>
    <Library Include="..\AMSTRMID.LIB">
      <Filter>Resource Files</Filter>
    </Library>
  </ItemGroup>
  <ItemGroup>
    <None Include="..\editores\res\arrow.cur">
      <Filter>Resource Files</Filter>
    </None>
    <None Include="..\editores\res\cursor1.cur">
      <Filter>Resource Files</Filter>
    </None>
    <None Include="..\editores\res\dropzone.cur">
      <Filter>Resource Files</Filter>
    </None>
    <None Include="..\editores\res\eraser.cur">
      <Filter>Resource Files</Filter>
    </None>
    <None Include="..\editores\res\flatten.cur">
      <Filter>Resource Files</Filter>
    </None>
    <None Include="..\editores\res\hammer.cur">
      <Filter>Resource Files</Filter>
    </None>
    <None Include="..\editores\res\hand.cur">
      <Filter>Resource Files</Filter>
    </None>
    <None Include="..\editores\res\Link.cur">
      <Filter>Resource Files</Filter>
    </None>
    <None Include="..\editores\res\paint.cur">
      <Filter>Resource Files</Filter>
    </None>
    <None Include="..\editores\res\targe.cur">
      <Filter>Resource Files</Filter>
    </None>
    <None Include="..\editores\res\target.cur">
      <Filter>Resource Files</Filter>
    </None>
    <None Include="..\editores\res\unlink.cur">
      <Filter>Resource Files</Filter>
    </None>
    <None Include="..\editores\res\up.cur">
      <Filter>Resource Files</Filter>
    </None>
    <None Include="..\editores\res\wrench.cur">
      <Filter>Resource Files</Filter>
    </None>
  </ItemGroup>
  <ItemGroup>
    <Image Include="..\editores\res\IC_Normal.BMP">
      <Filter>Resource Files</Filter>
    </Image>
    <Image Include="..\editores\res\ico128.ico">
      <Filter>Resource Files</Filter>
    </Image>
    <Image Include="..\editores\res\ico210.ico">
      <Filter>Resource Files</Filter>
    </Image>
    <Image Include="..\editores\res\ico211.ico">
      <Filter>Resource Files</Filter>
    </Image>
    <Image Include="..\editores\res\Toolbar.bmp">
      <Filter>Resource Files</Filter>
    </Image>
  </ItemGroup>
</Project>